
Microsoft Visual Studio Solution File, Format Version 12.00
# Visual Studio Version 17
VisualStudioVersion = 17.0.31903.59
MinimumVisualStudioVersion = 10.0.40219.1
Project("{FAE04EC0-301F-11D3-BF4B-00C04F79EFBC}") = "FurnitureStore.api", "FurnitureStore.api\FurnitureStore.api.csproj", "{118089B6-9FD6-4A28-B6DC-214F80D02469}"
EndProject
Global
	GlobalSection(SolutionConfigurationPlatforms) = preSolution
		Debug|Any CPU = Debug|Any CPU
		Release|Any CPU = Release|Any CPU
	EndGlobalSection
	GlobalSection(SolutionProperties) = preSolution
		HideSolutionNode = FALSE
	EndGlobalSection
	GlobalSection(ProjectConfigurationPlatforms) = postSolution
		{118089B6-9FD6-4A28-B6DC-214F80D02469}.Debug|Any CPU.ActiveCfg = Debug|Any CPU
		{118089B6-9FD6-4A28-B6DC-214F80D02469}.Debug|Any CPU.Build.0 = Debug|Any CPU
		{118089B6-9FD6-4A28-B6DC-214F80D02469}.Release|Any CPU.ActiveCfg = Release|Any CPU
		{118089B6-9FD6-4A28-B6DC-214F80D02469}.Release|Any CPU.Build.0 = Release|Any CPU
	EndGlobalSection
EndGlobal
